
Microsoft Visual Studio Solution File, Format Version 12.00
# Visual Studio Version 17
VisualStudioVersion = 17.11.35312.102
MinimumVisualStudioVersion = 10.0.40219.1
Project("{FAE04EC0-301F-11D3-BF4B-00C04F79EFBC}") = "OOP Alapok", "OOP Alapok\OOP Alapok.csproj", "{282CBEE1-8A96-44E3-B8C4-4B8A8E614742}"
EndProject
Global
	GlobalSection(SolutionConfigurationPlatforms) = preSolution
		Debug|Any CPU = Debug|Any CPU
		Release|Any CPU = Release|Any CPU
	EndGlobalSection
	GlobalSection(ProjectConfigurationPlatforms) = postSolution
		{282CBEE1-8A96-44E3-B8C4-4B8A8E614742}.Debug|Any CPU.ActiveCfg = Debug|Any CPU
		{282CBEE1-8A96-44E3-B8C4-4B8A8E614742}.Debug|Any CPU.Build.0 = Debug|Any CPU
		{282CBEE1-8A96-44E3-B8C4-4B8A8E614742}.Release|Any CPU.ActiveCfg = Release|Any CPU
		{282CBEE1-8A96-44E3-B8C4-4B8A8E614742}.Release|Any CPU.Build.0 = Release|Any CPU
	EndGlobalSection
	GlobalSection(SolutionProperties) = preSolution
		HideSolutionNode = FALSE
	EndGlobalSection
	GlobalSection(ExtensibilityGlobals) = postSolution
		SolutionGuid = {62A3D6C8-3DDD-4208-83B3-E7D95F692E89}
	EndGlobalSection
EndGlobal
