
Microsoft Visual Studio Solution File, Format Version 12.00
# Visual Studio Version 17
VisualStudioVersion = 17.12.35527.113 d17.12
MinimumVisualStudioVersion = 10.0.40219.1
Project("{FAE04EC0-301F-11D3-BF4B-00C04F79EFBC}") = "OOPAlapok", "OOPAlapok\OOPAlapok.csproj", "{B182F103-1E75-4720-87EF-F51BEECCDF49}"
EndProject
Project("{2150E333-8FDC-42A3-9474-1A3956D46DE8}") = "Solution Items", "Solution Items", "{629B63BA-6AF7-4B13-AF4C-431D9FC59A46}"
	ProjectSection(SolutionItems) = preProject
		.gitignore = .gitignore
	EndProjectSection
EndProject
Global
	GlobalSection(SolutionConfigurationPlatforms) = preSolution
		Debug|Any CPU = Debug|Any CPU
		Release|Any CPU = Release|Any CPU
	EndGlobalSection
	GlobalSection(ProjectConfigurationPlatforms) = postSolution
		{B182F103-1E75-4720-87EF-F51BEECCDF49}.Debug|Any CPU.ActiveCfg = Debug|Any CPU
		{B182F103-1E75-4720-87EF-F51BEECCDF49}.Debug|Any CPU.Build.0 = Debug|Any CPU
		{B182F103-1E75-4720-87EF-F51BEECCDF49}.Release|Any CPU.ActiveCfg = Release|Any CPU
		{B182F103-1E75-4720-87EF-F51BEECCDF49}.Release|Any CPU.Build.0 = Release|Any CPU
	EndGlobalSection
	GlobalSection(SolutionProperties) = preSolution
		HideSolutionNode = FALSE
	EndGlobalSection
EndGlobal
